# This file is generated by running "yarn install" inside your project.
# Manual changes might be lost - proceed with caution!

__metadata:
  version: 8
  cacheKey: 10c0

"@noble/curves@npm:^1.3.0":
  version: 1.8.1
  resolution: "@noble/curves@npm:1.8.1"
  dependencies:
    "@noble/hashes": "npm:1.7.1"
  checksum: 10c0/84902c7af93338373a95d833f77981113e81c48d4bec78f22f63f1f7fdd893bc1d3d7a3ee78f01b9a8ad3dec812a1232866bf2ccbeb2b1560492e5e7d690ab1f
  languageName: node
  linkType: hard

"@noble/hashes@npm:1.7.1, @noble/hashes@npm:^1.3.1, @noble/hashes@npm:^1.3.3":
  version: 1.7.1
  resolution: "@noble/hashes@npm:1.7.1"
  checksum: 10c0/2f8ec0338ccc92b576a0f5c16ab9c017a3a494062f1fbb569ae641c5e7eab32072f9081acaa96b5048c0898f972916c818ea63cbedda707886a4b5ffcfbf94e3
  languageName: node
  linkType: hard

"@polkadot-api/json-rpc-provider-proxy@npm:^0.1.0":
  version: 0.1.0
  resolution: "@polkadot-api/json-rpc-provider-proxy@npm:0.1.0"
  checksum: 10c0/e4b621fbbba5ae035f36932ce2ef6024d157a1612e26d8838ba6b92a78cd4718f4f12baa55ec7c700d213f8ecbe6e14569152ba3254b341b677b9e616c749f59
  languageName: node
  linkType: hard

"@polkadot-api/json-rpc-provider@npm:0.0.1, @polkadot-api/json-rpc-provider@npm:^0.0.1":
  version: 0.0.1
  resolution: "@polkadot-api/json-rpc-provider@npm:0.0.1"
  checksum: 10c0/90dc86693e7ef742c50484f4374d4b4f0eb7b5f7f618cf96a3dfed866fd18edf19132fc750b2944e8300d83c5601343f3876cbe60cd6bb1086301361d682ebd8
  languageName: node
  linkType: hard

"@polkadot-api/metadata-builders@npm:0.3.2":
  version: 0.3.2
  resolution: "@polkadot-api/metadata-builders@npm:0.3.2"
  dependencies:
    "@polkadot-api/substrate-bindings": "npm:0.6.0"
    "@polkadot-api/utils": "npm:0.1.0"
  checksum: 10c0/ac536e8d5dea4c4e241839750a46d003a86e6149428dbf9bdb794907547fdab219d38c805ba5fa0ea7150a0083c214866e28d7c2ec10621be97d2f8f8b013edf
  languageName: node
  linkType: hard

"@polkadot-api/observable-client@npm:^0.3.0":
  version: 0.3.2
  resolution: "@polkadot-api/observable-client@npm:0.3.2"
  dependencies:
    "@polkadot-api/metadata-builders": "npm:0.3.2"
    "@polkadot-api/substrate-bindings": "npm:0.6.0"
    "@polkadot-api/utils": "npm:0.1.0"
  peerDependencies:
    "@polkadot-api/substrate-client": 0.1.4
    rxjs: ">=7.8.0"
  checksum: 10c0/9f93fab03c37af0483f5c8487ec5250d366eb401a2c9744c014dfb4c7aa524645ae71f6b0e60761e2bca89bdcd862c119e4ac0e798123d8ee9f037eb2f4aaef3
  languageName: node
  linkType: hard

"@polkadot-api/substrate-bindings@npm:0.6.0":
  version: 0.6.0
  resolution: "@polkadot-api/substrate-bindings@npm:0.6.0"
  dependencies:
    "@noble/hashes": "npm:^1.3.1"
    "@polkadot-api/utils": "npm:0.1.0"
    "@scure/base": "npm:^1.1.1"
    scale-ts: "npm:^1.6.0"
  checksum: 10c0/6c5d2d4f1120e95b3fb0207ea186e74302b9075671132d62d94d6abcb8b38fe081b8514384c744c3630615caa474764ebdd18968bef73d0c29203946941f1d99
  languageName: node
  linkType: hard

"@polkadot-api/substrate-client@npm:^0.1.2":
  version: 0.1.4
  resolution: "@polkadot-api/substrate-client@npm:0.1.4"
  dependencies:
    "@polkadot-api/json-rpc-provider": "npm:0.0.1"
    "@polkadot-api/utils": "npm:0.1.0"
  checksum: 10c0/7c9138ce52745f7e5f365f35d8caf3c192aee405ee576492eab8c47f5e9d09547a6141cc455ba21e69cf9f0f813fe6f5bcb0763342c33435a7678432961713db
  languageName: node
  linkType: hard

"@polkadot-api/utils@npm:0.1.0":
  version: 0.1.0
  resolution: "@polkadot-api/utils@npm:0.1.0"
  checksum: 10c0/9b24522a30d0519df2d2bbfc65f7dbc94233950f829c4a6b042e02cc43b70c0ec43a7d06056cd7084d09e32d7c42caa2695732d25f673a31430391bed116fcae
  languageName: node
  linkType: hard

"@polkadot/api-augment@npm:15.6.1":
  version: 15.6.1
  resolution: "@polkadot/api-augment@npm:15.6.1"
  dependencies:
    "@polkadot/api-base": "npm:15.6.1"
    "@polkadot/rpc-augment": "npm:15.6.1"
    "@polkadot/types": "npm:15.6.1"
    "@polkadot/types-augment": "npm:15.6.1"
    "@polkadot/types-codec": "npm:15.6.1"
    "@polkadot/util": "npm:^13.4.3"
    tslib: "npm:^2.8.1"
  checksum: 10c0/ec10fa3031e9722776ce04bba7d54b9ddd33e0815c694612ff7a1b678456e7c623dcb16b6c7132de184237ed45c3534fc0c1df0c0aa289d3189a1ffdca0769ae
  languageName: node
  linkType: hard

"@polkadot/api-base@npm:15.6.1":
  version: 15.6.1
  resolution: "@polkadot/api-base@npm:15.6.1"
  dependencies:
    "@polkadot/rpc-core": "npm:15.6.1"
    "@polkadot/types": "npm:15.6.1"
    "@polkadot/util": "npm:^13.4.3"
    rxjs: "npm:^7.8.1"
    tslib: "npm:^2.8.1"
  checksum: 10c0/d59008743739edd4df7213573c381a6b4f30a90f66cd841ecda16cc41ba9285ce7d4c64fea1d4f6e9d3ca54026904f529881b1e96f0c01faa4026634f83adffe
  languageName: node
  linkType: hard

"@polkadot/api-derive@npm:15.6.1":
  version: 15.6.1
  resolution: "@polkadot/api-derive@npm:15.6.1"
  dependencies:
    "@polkadot/api": "npm:15.6.1"
    "@polkadot/api-augment": "npm:15.6.1"
    "@polkadot/api-base": "npm:15.6.1"
    "@polkadot/rpc-core": "npm:15.6.1"
    "@polkadot/types": "npm:15.6.1"
    "@polkadot/types-codec": "npm:15.6.1"
    "@polkadot/util": "npm:^13.4.3"
    "@polkadot/util-crypto": "npm:^13.4.3"
    rxjs: "npm:^7.8.1"
    tslib: "npm:^2.8.1"
  checksum: 10c0/beb62e6b9cea517577c4b03ac530d818f7a07f6c943c88d9adf6a3353985c77955f0771962fd2489b5aebff3be8096367c35c8c6674380288c8f456aed25fea0
  languageName: node
  linkType: hard

"@polkadot/api@npm:15.6.1, @polkadot/api@npm:^15.6.1":
  version: 15.6.1
  resolution: "@polkadot/api@npm:15.6.1"
  dependencies:
    "@polkadot/api-augment": "npm:15.6.1"
    "@polkadot/api-base": "npm:15.6.1"
    "@polkadot/api-derive": "npm:15.6.1"
    "@polkadot/keyring": "npm:^13.4.3"
    "@polkadot/rpc-augment": "npm:15.6.1"
    "@polkadot/rpc-core": "npm:15.6.1"
    "@polkadot/rpc-provider": "npm:15.6.1"
    "@polkadot/types": "npm:15.6.1"
    "@polkadot/types-augment": "npm:15.6.1"
    "@polkadot/types-codec": "npm:15.6.1"
    "@polkadot/types-create": "npm:15.6.1"
    "@polkadot/types-known": "npm:15.6.1"
    "@polkadot/util": "npm:^13.4.3"
    "@polkadot/util-crypto": "npm:^13.4.3"
    eventemitter3: "npm:^5.0.1"
    rxjs: "npm:^7.8.1"
    tslib: "npm:^2.8.1"
  checksum: 10c0/b75f8bdbcaa841075c4ad4170c02fbeba8dcdac9809f3dbcaa20c8c844cd1527848fbadeb26f5814337228da3cc32434f87c16f3f342a42996f8142c11050d64
  languageName: node
  linkType: hard

"@polkadot/keyring@npm:^13.4.3":
  version: 13.4.3
  resolution: "@polkadot/keyring@npm:13.4.3"
  dependencies:
    "@polkadot/util": "npm:13.4.3"
    "@polkadot/util-crypto": "npm:13.4.3"
    tslib: "npm:^2.8.0"
  peerDependencies:
    "@polkadot/util": 13.4.3
    "@polkadot/util-crypto": 13.4.3
  checksum: 10c0/3cffcbcee32ec4212f4ee69cd9dde4ea4875f456b748130a1dc4b318d1ac34550bbb95a67c2ab03d7162f81f8c33b15cf6c5204dad169f975141a65345c0d72a
  languageName: node
  linkType: hard

"@polkadot/networks@npm:13.4.3, @polkadot/networks@npm:^13.4.3":
  version: 13.4.3
  resolution: "@polkadot/networks@npm:13.4.3"
  dependencies:
    "@polkadot/util": "npm:13.4.3"
    "@substrate/ss58-registry": "npm:^1.51.0"
    tslib: "npm:^2.8.0"
  checksum: 10c0/a178369c8fef6fb32e5096a897b36a70dedd657ef198333223be9d36ca17ba0a26301c5896aa3d88a0a91a778eee63591f6b5884d630d79f32d81c3e191cf51d
  languageName: node
  linkType: hard

"@polkadot/rpc-augment@npm:15.6.1":
  version: 15.6.1
  resolution: "@polkadot/rpc-augment@npm:15.6.1"
  dependencies:
    "@polkadot/rpc-core": "npm:15.6.1"
    "@polkadot/types": "npm:15.6.1"
    "@polkadot/types-codec": "npm:15.6.1"
    "@polkadot/util": "npm:^13.4.3"
    tslib: "npm:^2.8.1"
  checksum: 10c0/18e6e0c0d86f0f534616eb549f82435ac56496e5f616bb0c705f48cacdce1b5884124054081ca9b44cd2610e10f1bb6339d65c5f7f00905775082dbae3ace0c1
  languageName: node
  linkType: hard

"@polkadot/rpc-core@npm:15.6.1":
  version: 15.6.1
  resolution: "@polkadot/rpc-core@npm:15.6.1"
  dependencies:
    "@polkadot/rpc-augment": "npm:15.6.1"
    "@polkadot/rpc-provider": "npm:15.6.1"
    "@polkadot/types": "npm:15.6.1"
    "@polkadot/util": "npm:^13.4.3"
    rxjs: "npm:^7.8.1"
    tslib: "npm:^2.8.1"
  checksum: 10c0/4ea6713fa2f639ffc1665ac3f8afd5362b313f98540d07840dce0c1c4573d1f9da1f10038f1ff1c12425cd874111e277006b228c66c5ca8b814b4d35ef061839
  languageName: node
  linkType: hard

"@polkadot/rpc-provider@npm:15.6.1":
  version: 15.6.1
  resolution: "@polkadot/rpc-provider@npm:15.6.1"
  dependencies:
    "@polkadot/keyring": "npm:^13.4.3"
    "@polkadot/types": "npm:15.6.1"
    "@polkadot/types-support": "npm:15.6.1"
    "@polkadot/util": "npm:^13.4.3"
    "@polkadot/util-crypto": "npm:^13.4.3"
    "@polkadot/x-fetch": "npm:^13.4.3"
    "@polkadot/x-global": "npm:^13.4.3"
    "@polkadot/x-ws": "npm:^13.4.3"
    "@substrate/connect": "npm:0.8.11"
    eventemitter3: "npm:^5.0.1"
    mock-socket: "npm:^9.3.1"
    nock: "npm:^13.5.5"
    tslib: "npm:^2.8.1"
  dependenciesMeta:
    "@substrate/connect":
      optional: true
  checksum: 10c0/3c0fc51a90cc740c0c9405b7dff8fadf912d40fc0b84edfaf8cdb6aa99278c89a8369cfa89b771d2861b42c738589bb13d9f219d590f7019cedbf384d452f915
  languageName: node
  linkType: hard

"@polkadot/types-augment@npm:15.6.1":
  version: 15.6.1
  resolution: "@polkadot/types-augment@npm:15.6.1"
  dependencies:
    "@polkadot/types": "npm:15.6.1"
    "@polkadot/types-codec": "npm:15.6.1"
    "@polkadot/util": "npm:^13.4.3"
    tslib: "npm:^2.8.1"
  checksum: 10c0/cd242622cc0f6f8f1074e87f0a7d1fbd124629f25c4d6cf7600babba0955e9ebdc5977ca66c7d9a436f18b59973183191f42775369f3e98321391b63e3b37eeb
  languageName: node
  linkType: hard

"@polkadot/types-codec@npm:15.6.1":
  version: 15.6.1
  resolution: "@polkadot/types-codec@npm:15.6.1"
  dependencies:
    "@polkadot/util": "npm:^13.4.3"
    "@polkadot/x-bigint": "npm:^13.4.3"
    tslib: "npm:^2.8.1"
  checksum: 10c0/9723817e8f073a3dc30d2fa859e8068c54c5aac024f34cbe14552e398b497d377e04e1418e970af946ff3448aa26105f9ad2ada956ff85f05ed58ba20939d8e2
  languageName: node
  linkType: hard

"@polkadot/types-create@npm:15.6.1":
  version: 15.6.1
  resolution: "@polkadot/types-create@npm:15.6.1"
  dependencies:
    "@polkadot/types-codec": "npm:15.6.1"
    "@polkadot/util": "npm:^13.4.3"
    tslib: "npm:^2.8.1"
  checksum: 10c0/b2bd6a0f879d79c4cdd52f7f0bbefeb6de1d5e238580765b37b59cb5a5daa33061e8047d8ec11d59feeea71a09951290e0a8d82335af4e6af56f8372f8251490
  languageName: node
  linkType: hard

"@polkadot/types-known@npm:15.6.1":
  version: 15.6.1
  resolution: "@polkadot/types-known@npm:15.6.1"
  dependencies:
    "@polkadot/networks": "npm:^13.4.3"
    "@polkadot/types": "npm:15.6.1"
    "@polkadot/types-codec": "npm:15.6.1"
    "@polkadot/types-create": "npm:15.6.1"
    "@polkadot/util": "npm:^13.4.3"
    tslib: "npm:^2.8.1"
  checksum: 10c0/0168f060ee3e552157af0584dc9d0c883ff9af5390d5044af719dcb0c5d6b07cd049e6ea814bd073fcedce62b18a559ef7d2e6f8cbedbb02468f3d8a0aea3536
  languageName: node
  linkType: hard

"@polkadot/types-support@npm:15.6.1":
  version: 15.6.1
  resolution: "@polkadot/types-support@npm:15.6.1"
  dependencies:
    "@polkadot/util": "npm:^13.4.3"
    tslib: "npm:^2.8.1"
  checksum: 10c0/c0a6b8e34d0c506f9ae8520be66ac3afb6c7b58479b4c7f9c1d5a611def9e69125114182a20d1b807a417a5fd4300bb85e28732e8903ab59e41de0424bc3b45e
  languageName: node
  linkType: hard

"@polkadot/types@npm:15.6.1":
  version: 15.6.1
  resolution: "@polkadot/types@npm:15.6.1"
  dependencies:
    "@polkadot/keyring": "npm:^13.4.3"
    "@polkadot/types-augment": "npm:15.6.1"
    "@polkadot/types-codec": "npm:15.6.1"
    "@polkadot/types-create": "npm:15.6.1"
    "@polkadot/util": "npm:^13.4.3"
    "@polkadot/util-crypto": "npm:^13.4.3"
    rxjs: "npm:^7.8.1"
    tslib: "npm:^2.8.1"
  checksum: 10c0/a5ad3e605f381b15465e84049ac9b1cc58208c804a3c58b9439efc7889658591be8180b2a6ceb53a7f00f1ff6c607521d4ee2048cd177ea13d72775b567d4122
  languageName: node
  linkType: hard

"@polkadot/util-crypto@npm:13.4.3, @polkadot/util-crypto@npm:^13.4.3":
  version: 13.4.3
  resolution: "@polkadot/util-crypto@npm:13.4.3"
  dependencies:
    "@noble/curves": "npm:^1.3.0"
    "@noble/hashes": "npm:^1.3.3"
    "@polkadot/networks": "npm:13.4.3"
    "@polkadot/util": "npm:13.4.3"
    "@polkadot/wasm-crypto": "npm:^7.4.1"
    "@polkadot/wasm-util": "npm:^7.4.1"
    "@polkadot/x-bigint": "npm:13.4.3"
    "@polkadot/x-randomvalues": "npm:13.4.3"
    "@scure/base": "npm:^1.1.7"
    tslib: "npm:^2.8.0"
  peerDependencies:
    "@polkadot/util": 13.4.3
  checksum: 10c0/601b3d57eea400c9229d4766092659e8095eb7aa7329cdddb0f6bc325b312cf7bdaa24c86792ff1aae4b7d810130455c425a1336cf9066adbef66b5d923c6eeb
  languageName: node
  linkType: hard

"@polkadot/util@npm:13.4.3, @polkadot/util@npm:^13.4.3":
  version: 13.4.3
  resolution: "@polkadot/util@npm:13.4.3"
  dependencies:
    "@polkadot/x-bigint": "npm:13.4.3"
    "@polkadot/x-global": "npm:13.4.3"
    "@polkadot/x-textdecoder": "npm:13.4.3"
    "@polkadot/x-textencoder": "npm:13.4.3"
    "@types/bn.js": "npm:^5.1.6"
    bn.js: "npm:^5.2.1"
    tslib: "npm:^2.8.0"
  checksum: 10c0/06798e9799926abcf3b40fff1e659099ca8f8be378a41bda30f12b2cd8f90ce18b8a3feeb735c0cab8c183231cebec5fbbeb26046fa48ca7e825bebed5f79ddc
  languageName: node
  linkType: hard

"@polkadot/wasm-bridge@npm:7.4.1":
  version: 7.4.1
  resolution: "@polkadot/wasm-bridge@npm:7.4.1"
  dependencies:
    "@polkadot/wasm-util": "npm:7.4.1"
    tslib: "npm:^2.7.0"
  peerDependencies:
    "@polkadot/util": "*"
    "@polkadot/x-randomvalues": "*"
  checksum: 10c0/8123c2d72ed24f6900185eb982f228789414c1458c8a291e17a9bd70cd36616f0e04fb40cb01e90d27223eb2ce81391af36f6e5b741cb6d9a83850bb5b9e038e
  languageName: node
  linkType: hard

"@polkadot/wasm-crypto-asmjs@npm:7.4.1":
  version: 7.4.1
  resolution: "@polkadot/wasm-crypto-asmjs@npm:7.4.1"
  dependencies:
    tslib: "npm:^2.7.0"
  peerDependencies:
    "@polkadot/util": "*"
  checksum: 10c0/7b19748b2ccdc2d964c137ae5eabdf022d7860c05981270c82392898ac6641d5602a2c2ea1059ef8f8929dd361a75fdb25bfaa7961f3dfcf497f987145c6850a
  languageName: node
  linkType: hard

"@polkadot/wasm-crypto-init@npm:7.4.1":
  version: 7.4.1
  resolution: "@polkadot/wasm-crypto-init@npm:7.4.1"
  dependencies:
    "@polkadot/wasm-bridge": "npm:7.4.1"
    "@polkadot/wasm-crypto-asmjs": "npm:7.4.1"
    "@polkadot/wasm-crypto-wasm": "npm:7.4.1"
    "@polkadot/wasm-util": "npm:7.4.1"
    tslib: "npm:^2.7.0"
  peerDependencies:
    "@polkadot/util": "*"
    "@polkadot/x-randomvalues": "*"
  checksum: 10c0/fdcb96b4ba318680837d728b3c60c0bbbe326c9b8c15d70394cfbfdee06c95f8311b6fe13e4c862472faef4a2a9ccb218519fb15ad2f67d15b4cbb1b7c3eecba
  languageName: node
  linkType: hard

"@polkadot/wasm-crypto-wasm@npm:7.4.1":
  version: 7.4.1
  resolution: "@polkadot/wasm-crypto-wasm@npm:7.4.1"
  dependencies:
    "@polkadot/wasm-util": "npm:7.4.1"
    tslib: "npm:^2.7.0"
  peerDependencies:
    "@polkadot/util": "*"
  checksum: 10c0/2673a567cea785f7b9ec5b8371e05a53064651a9c64ac0fc45d7d5c8a080810cb1bd0f1950e2789d2c8895bcca35e9dc84b8a7b77c59b9b2d30beed8a964d043
  languageName: node
  linkType: hard

"@polkadot/wasm-crypto@npm:^7.4.1":
  version: 7.4.1
  resolution: "@polkadot/wasm-crypto@npm:7.4.1"
  dependencies:
    "@polkadot/wasm-bridge": "npm:7.4.1"
    "@polkadot/wasm-crypto-asmjs": "npm:7.4.1"
    "@polkadot/wasm-crypto-init": "npm:7.4.1"
    "@polkadot/wasm-crypto-wasm": "npm:7.4.1"
    "@polkadot/wasm-util": "npm:7.4.1"
    tslib: "npm:^2.7.0"
  peerDependencies:
    "@polkadot/util": "*"
    "@polkadot/x-randomvalues": "*"
  checksum: 10c0/b896f88ebf6b6864263b9042a14b6e5ef7371e47e56c6f1c297472f6d24b40645ee4e9abed5d32bfd95de4797811cb109c44da6064dd2509db3ce05a53fe2d72
  languageName: node
  linkType: hard

"@polkadot/wasm-util@npm:7.4.1, @polkadot/wasm-util@npm:^7.4.1":
  version: 7.4.1
  resolution: "@polkadot/wasm-util@npm:7.4.1"
  dependencies:
    tslib: "npm:^2.7.0"
  peerDependencies:
    "@polkadot/util": "*"
  checksum: 10c0/4e7042f854350a7e0c978d816abc3a8e37adcd6e8a5a35a4893928e79ecc0950fc4073993ad813ad8edd2c5fa6f603a5395018d19c44b8a338f52974747c3a9c
  languageName: node
  linkType: hard

"@polkadot/x-bigint@npm:13.4.3, @polkadot/x-bigint@npm:^13.4.3":
  version: 13.4.3
  resolution: "@polkadot/x-bigint@npm:13.4.3"
  dependencies:
    "@polkadot/x-global": "npm:13.4.3"
    tslib: "npm:^2.8.0"
  checksum: 10c0/133bb54e6020dde4945ddaa685f0714f09930ef1518f8ab3e03a042ab6b892bb3ec882199966c290adbe5dc2b3c6d6312624a8671eb835346df8664c3d2f1773
  languageName: node
  linkType: hard

"@polkadot/x-fetch@npm:^13.4.3":
  version: 13.4.3
  resolution: "@polkadot/x-fetch@npm:13.4.3"
  dependencies:
    "@polkadot/x-global": "npm:13.4.3"
    node-fetch: "npm:^3.3.2"
    tslib: "npm:^2.8.0"
  checksum: 10c0/3352bed239d8d1227e12af202707500bc81589b6492639f54a5130b94ea6f3b8e74760c0429cfa6543cfc57fc796a63e1898540b95c09ca116af466e7eaf0e36
  languageName: node
  linkType: hard

"@polkadot/x-global@npm:13.4.3, @polkadot/x-global@npm:^13.4.3":
  version: 13.4.3
  resolution: "@polkadot/x-global@npm:13.4.3"
  dependencies:
    tslib: "npm:^2.8.0"
  checksum: 10c0/704d0f1f221a7cd3fadc64502a9da133fd438d4931de8e6c0ada04545e25c90759c4a79dec1595623f28c8cc29a3123cbbc0d1932613c174da85d5f1de24dbbe
  languageName: node
  linkType: hard

"@polkadot/x-randomvalues@npm:13.4.3":
  version: 13.4.3
  resolution: "@polkadot/x-randomvalues@npm:13.4.3"
  dependencies:
    "@polkadot/x-global": "npm:13.4.3"
    tslib: "npm:^2.8.0"
  peerDependencies:
    "@polkadot/util": 13.4.3
    "@polkadot/wasm-util": "*"
  checksum: 10c0/be067c265c0a2fde838a876e352a35b9bb3950c1b0e87b5464f31e18b3999b50daf63d0dcca3819ea33cbda44e7857d53b4fa391c64ae00a975e9c09b5e21578
  languageName: node
  linkType: hard

"@polkadot/x-textdecoder@npm:13.4.3":
  version: 13.4.3
  resolution: "@polkadot/x-textdecoder@npm:13.4.3"
  dependencies:
    "@polkadot/x-global": "npm:13.4.3"
    tslib: "npm:^2.8.0"
  checksum: 10c0/187685b2d125bf22828bd39977941d77ba314af37691f1e86a123fa148a9cd7e0ef4470048d40454eeb8c1830e89d7258bd314b3ee47d6e6557de910d1871b3c
  languageName: node
  linkType: hard

"@polkadot/x-textencoder@npm:13.4.3":
  version: 13.4.3
  resolution: "@polkadot/x-textencoder@npm:13.4.3"
  dependencies:
    "@polkadot/x-global": "npm:13.4.3"
    tslib: "npm:^2.8.0"
  checksum: 10c0/8c9b2f53142abf3dafd35c6fadf719e84098466e4ac9f4b58f0c7f0cce6aaf4c7a69d6323a708223e10bc439e35b87cd5ed95f507be7745fb23a32a3f52257b2
  languageName: node
  linkType: hard

"@polkadot/x-ws@npm:^13.4.3":
  version: 13.4.3
  resolution: "@polkadot/x-ws@npm:13.4.3"
  dependencies:
    "@polkadot/x-global": "npm:13.4.3"
    tslib: "npm:^2.8.0"
    ws: "npm:^8.18.0"
  checksum: 10c0/929ffd34c6625ef5bcf8dcf1f4a922d6e234bf75e23de633b56a747285b0a5f85c6f28339a2ff61aa297dc9c5b98ca783e6c70bf7e7856fc2b6be6aba92a7cb6
  languageName: node
  linkType: hard

"@scure/base@npm:^1.1.1, @scure/base@npm:^1.1.7":
  version: 1.2.4
  resolution: "@scure/base@npm:1.2.4"
  checksum: 10c0/469c8aee80d6d6973e1aac6184befa04568f1b4016e40c889025f4a721575db9c1ca0c2ead80613896cce929392740322a18da585a427f157157e797dc0a42a9
  languageName: node
  linkType: hard

"@substrate/connect-extension-protocol@npm:^2.0.0":
  version: 2.2.1
  resolution: "@substrate/connect-extension-protocol@npm:2.2.1"
  checksum: 10c0/5e066c1cbdfe9d4cae6bc85dd0adbe62832af08733b0fe6dab4aee05520ef0f85c3b892e58ba59c83a0d70a3587e16e91f61265e961e978a721dfddd6eb8b1f4
  languageName: node
  linkType: hard

"@substrate/connect-known-chains@npm:^1.1.5":
  version: 1.9.1
  resolution: "@substrate/connect-known-chains@npm:1.9.1"
  checksum: 10c0/d18a95ad48f20e836fe084e724638e119b319241185b45001f4b37947cb67db10213d6d98ed7a1851da129e88183b1f2af9a947927ec887093748c027952ffd1
  languageName: node
  linkType: hard

"@substrate/connect@npm:0.8.11":
  version: 0.8.11
  resolution: "@substrate/connect@npm:0.8.11"
  dependencies:
    "@substrate/connect-extension-protocol": "npm:^2.0.0"
    "@substrate/connect-known-chains": "npm:^1.1.5"
    "@substrate/light-client-extension-helpers": "npm:^1.0.0"
    smoldot: "npm:2.0.26"
  checksum: 10c0/ad37dc5d6c806b95a346d42a94b1968b1aa3056ef7dd1a9af60670ab1fe6ecbc61ae52ae74e2b5a93a75b61db812bbe0c3409eb207bd4b438bec02d3554d6daa
  languageName: node
  linkType: hard

"@substrate/light-client-extension-helpers@npm:^1.0.0":
  version: 1.0.0
  resolution: "@substrate/light-client-extension-helpers@npm:1.0.0"
  dependencies:
    "@polkadot-api/json-rpc-provider": "npm:^0.0.1"
    "@polkadot-api/json-rpc-provider-proxy": "npm:^0.1.0"
    "@polkadot-api/observable-client": "npm:^0.3.0"
    "@polkadot-api/substrate-client": "npm:^0.1.2"
    "@substrate/connect-extension-protocol": "npm:^2.0.0"
    "@substrate/connect-known-chains": "npm:^1.1.5"
    rxjs: "npm:^7.8.1"
  peerDependencies:
    smoldot: 2.x
  checksum: 10c0/41b692c4f8ec8ee5e67f7c184ea0556c92d2755401efd20c9ee440d0d1d76e00972b76c92514cc6850855a55bbf062b301f1188eeb3b926a7fc1adb914298e94
  languageName: node
  linkType: hard

"@substrate/ss58-registry@npm:^1.51.0":
  version: 1.51.0
  resolution: "@substrate/ss58-registry@npm:1.51.0"
  checksum: 10c0/f568ea2a5011ee1c288e577d23dd48a6ba0dc0db3611f268b1c35f41636b8ec39ae09fe0184f88d411e331b60d924e90054be736b1ff624cdcb9b742c94a9bf6
  languageName: node
  linkType: hard

"@types/bn.js@npm:^5.1.6":
  version: 5.1.6
  resolution: "@types/bn.js@npm:5.1.6"
  dependencies:
    "@types/node": "npm:*"
  checksum: 10c0/073d383d87afea513a8183ce34af7bc0a7a798d057c7ae651982b7f30dd7d93f33247323bca3ba39f1f6af146b564aff547b15467bdf9fc922796c17e8426bf6
  languageName: node
  linkType: hard

"@types/node@npm:*":
  version: 22.13.4
  resolution: "@types/node@npm:22.13.4"
  dependencies:
    undici-types: "npm:~6.20.0"
  checksum: 10c0/3a234fa7766a3efc382cf81f66f474c26cdab2f54f43f757634c81c0444eb2160c2dabbde9741e4983078a318a88515b65416b5f1ab5478548579d7b3ead1d95
  languageName: node
  linkType: hard

"bn.js@npm:^5.2.1":
  version: 5.2.1
  resolution: "bn.js@npm:5.2.1"
  checksum: 10c0/bed3d8bd34ec89dbcf9f20f88bd7d4a49c160fda3b561c7bb227501f974d3e435a48fb9b61bc3de304acab9215a3bda0803f7017ffb4d0016a0c3a740a283caa
  languageName: node
  linkType: hard

"core-time-scheduler@workspace:.":
  version: 0.0.0-use.local
  resolution: "core-time-scheduler@workspace:."
  dependencies:
    "@polkadot/api": "npm:^15.6.1"
    "@polkadot/util": "npm:^13.4.3"
    "@polkadot/util-crypto": "npm:^13.4.3"
    husky: "npm:^9.1.7"
    prettier: "npm:3.5.1"
  languageName: unknown
  linkType: soft

"data-uri-to-buffer@npm:^4.0.0":
  version: 4.0.1
  resolution: "data-uri-to-buffer@npm:4.0.1"
  checksum: 10c0/20a6b93107597530d71d4cb285acee17f66bcdfc03fd81040921a81252f19db27588d87fc8fc69e1950c55cfb0bf8ae40d0e5e21d907230813eb5d5a7f9eb45b
  languageName: node
  linkType: hard

"debug@npm:^4.1.0":
  version: 4.4.0
  resolution: "debug@npm:4.4.0"
  dependencies:
    ms: "npm:^2.1.3"
  peerDependenciesMeta:
    supports-color:
      optional: true
  checksum: 10c0/db94f1a182bf886f57b4755f85b3a74c39b5114b9377b7ab375dc2cfa3454f09490cc6c30f829df3fc8042bc8b8995f6567ce5cd96f3bc3688bd24027197d9de
  languageName: node
  linkType: hard

"eventemitter3@npm:^5.0.1":
  version: 5.0.1
  resolution: "eventemitter3@npm:5.0.1"
  checksum: 10c0/4ba5c00c506e6c786b4d6262cfbce90ddc14c10d4667e5c83ae993c9de88aa856033994dd2b35b83e8dc1170e224e66a319fa80adc4c32adcd2379bbc75da814
  languageName: node
  linkType: hard

"fetch-blob@npm:^3.1.2, fetch-blob@npm:^3.1.4":
  version: 3.2.0
  resolution: "fetch-blob@npm:3.2.0"
  dependencies:
    node-domexception: "npm:^1.0.0"
    web-streams-polyfill: "npm:^3.0.3"
  checksum: 10c0/60054bf47bfa10fb0ba6cb7742acec2f37c1f56344f79a70bb8b1c48d77675927c720ff3191fa546410a0442c998d27ab05e9144c32d530d8a52fbe68f843b69
  languageName: node
  linkType: hard

"formdata-polyfill@npm:^4.0.10":
  version: 4.0.10
  resolution: "formdata-polyfill@npm:4.0.10"
  dependencies:
    fetch-blob: "npm:^3.1.2"
  checksum: 10c0/5392ec484f9ce0d5e0d52fb5a78e7486637d516179b0eb84d81389d7eccf9ca2f663079da56f761355c0a65792810e3b345dc24db9a8bbbcf24ef3c8c88570c6
  languageName: node
  linkType: hard

"husky@npm:^9.1.7":
  version: 9.1.7
  resolution: "husky@npm:9.1.7"
  bin:
    husky: bin.js
  checksum: 10c0/35bb110a71086c48906aa7cd3ed4913fb913823715359d65e32e0b964cb1e255593b0ae8014a5005c66a68e6fa66c38dcfa8056dbbdfb8b0187c0ffe7ee3a58f
  languageName: node
  linkType: hard

"json-stringify-safe@npm:^5.0.1":
  version: 5.0.1
  resolution: "json-stringify-safe@npm:5.0.1"
  checksum: 10c0/7dbf35cd0411d1d648dceb6d59ce5857ec939e52e4afc37601aa3da611f0987d5cee5b38d58329ceddf3ed48bd7215229c8d52059ab01f2444a338bf24ed0f37
  languageName: node
  linkType: hard

"mock-socket@npm:^9.3.1":
  version: 9.3.1
  resolution: "mock-socket@npm:9.3.1"
  checksum: 10c0/0c53baa4acca12ed1ff9bddfdd4bc0cabe0fc96a3ed25a42a00d23b7a111eb6edfc2b44d93aef9a0c93a4a000b4d2d8dcff028488cd2a1e9cc416477ee341ce0
  languageName: node
  linkType: hard

"ms@npm:^2.1.3":
  version: 2.1.3
  resolution: "ms@npm:2.1.3"
  checksum: 10c0/d924b57e7312b3b63ad21fc5b3dc0af5e78d61a1fc7cfb5457edaf26326bf62be5307cc87ffb6862ef1c2b33b0233cdb5d4f01c4c958cc0d660948b65a287a48
  languageName: node
  linkType: hard

"nock@npm:^13.5.5":
  version: 13.5.6
  resolution: "nock@npm:13.5.6"
  dependencies:
    debug: "npm:^4.1.0"
    json-stringify-safe: "npm:^5.0.1"
    propagate: "npm:^2.0.0"
  checksum: 10c0/94249a294176a6e521bbb763c214de4aa6b6ab63dff1e299aaaf455886a465d38906891d7f24570d94a43b1e376c239c54d89ff7697124bc57ef188006acc25e
  languageName: node
  linkType: hard

"node-domexception@npm:^1.0.0":
  version: 1.0.0
  resolution: "node-domexception@npm:1.0.0"
  checksum: 10c0/5e5d63cda29856402df9472335af4bb13875e1927ad3be861dc5ebde38917aecbf9ae337923777af52a48c426b70148815e890a5d72760f1b4d758cc671b1a2b
  languageName: node
  linkType: hard

"node-fetch@npm:^3.3.2":
  version: 3.3.2
  resolution: "node-fetch@npm:3.3.2"
  dependencies:
    data-uri-to-buffer: "npm:^4.0.0"
    fetch-blob: "npm:^3.1.4"
    formdata-polyfill: "npm:^4.0.10"
  checksum: 10c0/f3d5e56190562221398c9f5750198b34cf6113aa304e34ee97c94fd300ec578b25b2c2906edba922050fce983338fde0d5d34fcb0fc3336ade5bd0e429ad7538
  languageName: node
  linkType: hard

"prettier@npm:3.5.1":
  version: 3.5.1
  resolution: "prettier@npm:3.5.1"
  bin:
    prettier: bin/prettier.cjs
  checksum: 10c0/9f6f810eae455d6e4213845151a484a2338f2e0d6a8b84ee8e13a83af8a2421ef6c1e31e61e4b135671fb57b9541f6624648880cc2061ac803e243ac898c0123
  languageName: node
  linkType: hard

"propagate@npm:^2.0.0":
  version: 2.0.1
  resolution: "propagate@npm:2.0.1"
  checksum: 10c0/01e1023b60ae4050d1a2783f976d7db702022dbdb70dba797cceedad8cfc01b3939c41e77032f8c32aa9d93192fe937ebba1345e8604e5ce61fd3b62ee3003b8
  languageName: node
  linkType: hard

"rxjs@npm:^7.8.1":
  version: 7.8.1
  resolution: "rxjs@npm:7.8.1"
  dependencies:
    tslib: "npm:^2.1.0"
  checksum: 10c0/3c49c1ecd66170b175c9cacf5cef67f8914dcbc7cd0162855538d365c83fea631167cacb644b3ce533b2ea0e9a4d0b12175186985f89d75abe73dbd8f7f06f68
  languageName: node
  linkType: hard

"scale-ts@npm:^1.6.0":
  version: 1.6.1
  resolution: "scale-ts@npm:1.6.1"
  checksum: 10c0/bbcf476029095152189c5bd210922b43342e8bfb712bf56237de172d55b528e090419e80da67c627a8f706a228237346b82de527755d7f197bb4d822c6383dfd
  languageName: node
  linkType: hard

"smoldot@npm:2.0.26":
  version: 2.0.26
  resolution: "smoldot@npm:2.0.26"
  dependencies:
    ws: "npm:^8.8.1"
  checksum: 10c0/a4788fb92e5ed6e8c3d171d00474712c6f98f62cae68543f1029e7976a64ce9c8126956e50d6bd89482df8568f8ac043d5eb50b63f44f9a6062cbc49f0ef2dad
  languageName: node
  linkType: hard

"tslib@npm:^2.1.0, tslib@npm:^2.7.0, tslib@npm:^2.8.0, tslib@npm:^2.8.1":
  version: 2.8.1
  resolution: "tslib@npm:2.8.1"
  checksum: 10c0/9c4759110a19c53f992d9aae23aac5ced636e99887b51b9e61def52611732872ff7668757d4e4c61f19691e36f4da981cd9485e869b4a7408d689f6bf1f14e62
  languageName: node
  linkType: hard

"undici-types@npm:~6.20.0":
  version: 6.20.0
  resolution: "undici-types@npm:6.20.0"
  checksum: 10c0/68e659a98898d6a836a9a59e6adf14a5d799707f5ea629433e025ac90d239f75e408e2e5ff086afc3cace26f8b26ee52155293564593fbb4a2f666af57fc59bf
  languageName: node
  linkType: hard

"web-streams-polyfill@npm:^3.0.3":
  version: 3.3.3
  resolution: "web-streams-polyfill@npm:3.3.3"
  checksum: 10c0/64e855c47f6c8330b5436147db1c75cb7e7474d924166800e8e2aab5eb6c76aac4981a84261dd2982b3e754490900b99791c80ae1407a9fa0dcff74f82ea3a7f
  languageName: node
  linkType: hard

"ws@npm:^8.18.0, ws@npm:^8.8.1":
  version: 8.18.0
  resolution: "ws@npm:8.18.0"
  peerDependencies:
    bufferutil: ^4.0.1
    utf-8-validate: ">=5.0.2"
  peerDependenciesMeta:
    bufferutil:
      optional: true
    utf-8-validate:
      optional: true
  checksum: 10c0/25eb33aff17edcb90721ed6b0eb250976328533ad3cd1a28a274bd263682e7296a6591ff1436d6cbc50fa67463158b062f9d1122013b361cec99a05f84680e06
  languageName: node
  linkType: hard
